
Microsoft Visual Studio Solution File, Format Version 12.00
# Visual Studio Version 16
VisualStudioVersion = 16.0.31321.278
MinimumVisualStudioVersion = 10.0.40219.1
Project("{F184B08F-C81C-45F6-A57F-5ABD9991F28F}") = "HODS-PRD", "HODS-PRD\HODS-PRD.vbproj", "{66D553C2-F946-46E3-A9F7-E774465139E7}"
EndProject
Global
	GlobalSection(SubversionScc) = preSolution
		Svn-Managed = True
		Manager = AnkhSVN - Subversion Support for Visual Studio
	EndGlobalSection
	GlobalSection(SolutionConfigurationPlatforms) = preSolution
		Debug|Any CPU = Debug|Any CPU
		Release|Any CPU = Release|Any CPU
	EndGlobalSection
	GlobalSection(ProjectConfigurationPlatforms) = postSolution
		{66D553C2-F946-46E3-A9F7-E774465139E7}.Debug|Any CPU.ActiveCfg = Debug|Any CPU
		{66D553C2-F946-46E3-A9F7-E774465139E7}.Debug|Any CPU.Build.0 = Debug|Any CPU
		{66D553C2-F946-46E3-A9F7-E774465139E7}.Release|Any CPU.ActiveCfg = Release|Any CPU
		{66D553C2-F946-46E3-A9F7-E774465139E7}.Release|Any CPU.Build.0 = Release|Any CPU
	EndGlobalSection
	GlobalSection(SolutionProperties) = preSolution
		HideSolutionNode = FALSE
	EndGlobalSection
	GlobalSection(ExtensibilityGlobals) = postSolution
		SolutionGuid = {5CB07746-CA9E-47F3-AD3D-C8DBFBF285A7}
	EndGlobalSection
EndGlobal
